// !$*UTF8*$!
{
	archiveVersion = 1;
	classes = {
	};
	objectVersion = 50;
	objects = {

/* Begin PBXBuildFile section */
		E548CF3A251D23A000530180 /* AppDelegate.swift in Sources */ = {isa = PBXBuildFile; fileRef = E548CF39251D23A000530180 /* AppDelegate.swift */; };
		E548CF3C251D23A000530180 /* SceneDelegate.swift in Sources */ = {isa = PBXBuildFile; fileRef = E548CF3B251D23A000530180 /* SceneDelegate.swift */; };
		E548CF3E251D23A000530180 /* FirstVC.swift in Sources */ = {isa = PBXBuildFile; fileRef = E548CF3D251D23A000530180 /* FirstVC.swift */; };
		E548CF41251D23A000530180 /* Main.storyboard in Resources */ = {isa = PBXBuildFile; fileRef = E548CF3F251D23A000530180 /* Main.storyboard */; };
		E548CF43251D23A300530180 /* Assets.xcassets in Resources */ = {isa = PBXBuildFile; fileRef = E548CF42251D23A300530180 /* Assets.xcassets */; };
		E548CF46251D23A300530180 /* LaunchScreen.storyboard in Resources */ = {isa = PBXBuildFile; fileRef = E548CF44251D23A300530180 /* LaunchScreen.storyboard */; };
		E548CF51251D23A400530180 /* TransicaoTela_ExercicioTests.swift in Sources */ = {isa = PBXBuildFile; fileRef = E548CF50251D23A400530180 /* TransicaoTela_ExercicioTests.swift */; };
		E548CF5C251D23A400530180 /* TransicaoTela_ExercicioUITests.swift in Sources */ = {isa = PBXBuildFile; fileRef = E548CF5B251D23A400530180 /* TransicaoTela_ExercicioUITests.swift */; };
		E548CF6D251D240E00530180 /* SecondVC.swift in Sources */ = {isa = PBXBuildFile; fileRef = E548CF6C251D240E00530180 /* SecondVC.swift */; };
		E548CF79251D249E00530180 /* ThirdVC.swift in Sources */ = {isa = PBXBuildFile; fileRef = E548CF78251D249E00530180 /* ThirdVC.swift */; };
/* End PBXBuildFile section */

/* Begin PBXContainerItemProxy section */
		E548CF4D251D23A400530180 /* PBXContainerItemProxy */ = {
			isa = PBXContainerItemProxy;
			containerPortal = E548CF2E251D23A000530180 /* Project object */;
			proxyType = 1;
			remoteGlobalIDString = E548CF35251D23A000530180;
			remoteInfo = TransicaoTela_Exercicio;
		};
		E548CF58251D23A400530180 /* PBXContainerItemProxy */ = {
			isa = PBXContainerItemProxy;
			containerPortal = E548CF2E251D23A000530180 /* Project object */;
			proxyType = 1;
			remoteGlobalIDString = E548CF35251D23A000530180;
			remoteInfo = TransicaoTela_Exercicio;
		};
/* End PBXContainerItemProxy section */

/* Begin PBXFileReference section */
		E548CF36251D23A000530180 /* TransicaoTela_Exercicio.app */ = {isa = PBXFileReference; explicitFileType = wrapper.application; includeInIndex = 0; path = TransicaoTela_Exercicio.app; sourceTree = BUILT_PRODUCTS_DIR; };
		E548CF39251D23A000530180 /* AppDelegate.swift */ = {isa = PBXFileReference; lastKnownFileType = sourcecode.swift; path = AppDelegate.swift; sourceTree = "<group>"; };
		E548CF3B251D23A000530180 /* SceneDelegate.swift */ = {isa = PBXFileReference; lastKnownFileType = sourcecode.swift; path = SceneDelegate.swift; sourceTree = "<group>"; };
		E548CF3D251D23A000530180 /* FirstVC.swift */ = {isa = PBXFileReference; lastKnownFileType = sourcecode.swift; path = FirstVC.swift; sourceTree = "<group>"; };
		E548CF40251D23A000530180 /* Base */ = {isa = PBXFileReference; lastKnownFileType = file.storyboard; name = Base; path = Base.lproj/Main.storyboard; sourceTree = "<group>"; };
		E548CF42251D23A300530180 /* Assets.xcassets */ = {isa = PBXFileReference; lastKnownFileType = folder.assetcatalog; path = Assets.xcassets; sourceTree = "<group>"; };
		E548CF45251D23A300530180 /* Base */ = {isa = PBXFileReference; lastKnownFileType = file.storyboard; name = Base; path = Base.lproj/LaunchScreen.storyboard; sourceTree = "<group>"; };
		E548CF47251D23A300530180 /* Info.plist */ = {isa = PBXFileReference; lastKnownFileType = text.plist.xml; path = Info.plist; sourceTree = "<group>"; };
		E548CF4C251D23A400530180 /* TransicaoTela_ExercicioTests.xctest */ = {isa = PBXFileReference; explicitFileType = wrapper.cfbundle; includeInIndex = 0; path = TransicaoTela_ExercicioTests.xctest; sourceTree = BUILT_PRODUCTS_DIR; };
		E548CF50251D23A400530180 /* TransicaoTela_ExercicioTests.swift */ = {isa = PBXFileReference; lastKnownFileType = sourcecode.swift; path = TransicaoTela_ExercicioTests.swift; sourceTree = "<group>"; };
		E548CF52251D23A400530180 /* Info.plist */ = {isa = PBXFileReference; lastKnownFileType = text.plist.xml; path = Info.plist; sourceTree = "<group>"; };
		E548CF57251D23A400530180 /* TransicaoTela_ExercicioUITests.xctest */ = {isa = PBXFileReference; explicitFileType = wrapper.cfbundle; includeInIndex = 0; path = TransicaoTela_ExercicioUITests.xctest; sourceTree = BUILT_PRODUCTS_DIR; };
		E548CF5B251D23A400530180 /* TransicaoTela_ExercicioUITests.swift */ = {isa = PBXFileReference; lastKnownFileType = sourcecode.swift; path = TransicaoTela_ExercicioUITests.swift; sourceTree = "<group>"; };
		E548CF5D251D23A400530180 /* Info.plist */ = {isa = PBXFileReference; lastKnownFileType = text.plist.xml; path = Info.plist; sourceTree = "<group>"; };
		E548CF6C251D240E00530180 /* SecondVC.swift */ = {isa = PBXFileReference; lastKnownFileType = sourcecode.swift; path = SecondVC.swift; sourceTree = "<group>"; };
		E548CF78251D249E00530180 /* ThirdVC.swift */ = {isa = PBXFileReference; lastKnownFileType = sourcecode.swift; path = ThirdVC.swift; sourceTree = "<group>"; };
/* End PBXFileReference section */

/* Begin PBXFrameworksBuildPhase section */
		E548CF33251D23A000530180 /* Frameworks */ = {
			isa = PBXFrameworksBuildPhase;
			buildActionMask = 2147483647;
			files = (
			);
			runOnlyForDeploymentPostprocessing = 0;
		};
		E548CF49251D23A400530180 /* Frameworks */ = {
			isa = PBXFrameworksBuildPhase;
			buildActionMask = 2147483647;
			files = (
			);
			runOnlyForDeploymentPostprocessing = 0;
		};
		E548CF54251D23A400530180 /* Frameworks */ = {
			isa = PBXFrameworksBuildPhase;
			buildActionMask = 2147483647;
			files = (
			);
			runOnlyForDeploymentPostprocessing = 0;
		};
/* End PBXFrameworksBuildPhase section */

/* Begin PBXGroup section */
		E548CF2D251D23A000530180 = {
			isa = PBXGroup;
			children = (
				E548CF38251D23A000530180 /* TransicaoTela_Exercicio */,
				E548CF4F251D23A400530180 /* TransicaoTela_ExercicioTests */,
				E548CF5A251D23A400530180 /* TransicaoTela_ExercicioUITests */,
				E548CF37251D23A000530180 /* Products */,
			);
			sourceTree = "<group>";
		};
		E548CF37251D23A000530180 /* Products */ = {
			isa = PBXGroup;
			children = (
				E548CF36251D23A000530180 /* TransicaoTela_Exercicio.app */,
				E548CF4C251D23A400530180 /* TransicaoTela_ExercicioTests.xctest */,
				E548CF57251D23A400530180 /* TransicaoTela_ExercicioUITests.xctest */,
			);
			name = Products;
			sourceTree = "<group>";
		};
		E548CF38251D23A000530180 /* TransicaoTela_Exercicio */ = {
			isa = PBXGroup;
			children = (
				E548CF74251D241E00530180 /* Views */,
				E548CF39251D23A000530180 /* AppDelegate.swift */,
				E548CF3B251D23A000530180 /* SceneDelegate.swift */,
				E548CF3F251D23A000530180 /* Main.storyboard */,
				E548CF42251D23A300530180 /* Assets.xcassets */,
				E548CF44251D23A300530180 /* LaunchScreen.storyboard */,
				E548CF47251D23A300530180 /* Info.plist */,
			);
			path = TransicaoTela_Exercicio;
			sourceTree = "<group>";
		};
		E548CF4F251D23A400530180 /* TransicaoTela_ExercicioTests */ = {
			isa = PBXGroup;
			children = (
				E548CF50251D23A400530180 /* TransicaoTela_ExercicioTests.swift */,
				E548CF52251D23A400530180 /* Info.plist */,
			);
			path = TransicaoTela_ExercicioTests;
			sourceTree = "<group>";
		};
		E548CF5A251D23A400530180 /* TransicaoTela_ExercicioUITests */ = {
			isa = PBXGroup;
			children = (
				E548CF5B251D23A400530180 /* TransicaoTela_ExercicioUITests.swift */,
				E548CF5D251D23A400530180 /* Info.plist */,
			);
			path = TransicaoTela_ExercicioUITests;
			sourceTree = "<group>";
		};
		E548CF74251D241E00530180 /* Views */ = {
			isa = PBXGroup;
			children = (
				E548CF3D251D23A000530180 /* FirstVC.swift */,
				E548CF6C251D240E00530180 /* SecondVC.swift */,
				E548CF78251D249E00530180 /* ThirdVC.swift */,
			);
			path = Views;
			sourceTree = "<group>";
		};
/* End PBXGroup section */

/* Begin PBXNativeTarget section */
		E548CF35251D23A000530180 /* TransicaoTela_Exercicio */ = {
			isa = PBXNativeTarget;
			buildConfigurationList = E548CF60251D23A400530180 /* Build configuration list for PBXNativeTarget "TransicaoTela_Exercicio" */;
			buildPhases = (
				E548CF32251D23A000530180 /* Sources */,
				E548CF33251D23A000530180 /* Frameworks */,
				E548CF34251D23A000530180 /* Resources */,
			);
			buildRules = (
			);
			dependencies = (
			);
			name = TransicaoTela_Exercicio;
			productName = TransicaoTela_Exercicio;
			productReference = E548CF36251D23A000530180 /* TransicaoTela_Exercicio.app */;
			productType = "com.apple.product-type.application";
		};
		E548CF4B251D23A400530180 /* TransicaoTela_ExercicioTests */ = {
			isa = PBXNativeTarget;
			buildConfigurationList = E548CF63251D23A400530180 /* Build configuration list for PBXNativeTarget "TransicaoTela_ExercicioTests" */;
			buildPhases = (
				E548CF48251D23A400530180 /* Sources */,
				E548CF49251D23A400530180 /* Frameworks */,
				E548CF4A251D23A400530180 /* Resources */,
			);
			buildRules = (
			);
			dependencies = (
				E548CF4E251D23A400530180 /* PBXTargetDependency */,
			);
			name = TransicaoTela_ExercicioTests;
			productName = TransicaoTela_ExercicioTests;
			productReference = E548CF4C251D23A400530180 /* TransicaoTela_ExercicioTests.xctest */;
			productType = "com.apple.product-type.bundle.unit-test";
		};
		E548CF56251D23A400530180 /* TransicaoTela_ExercicioUITests */ = {
			isa = PBXNativeTarget;
			buildConfigurationList = E548CF66251D23A400530180 /* Build configuration list for PBXNativeTarget "TransicaoTela_ExercicioUITests" */;
			buildPhases = (
				E548CF53251D23A400530180 /* Sources */,
				E548CF54251D23A400530180 /* Frameworks */,
				E548CF55251D23A400530180 /* Resources */,
			);
			buildRules = (
			);
			dependencies = (
				E548CF59251D23A400530180 /* PBXTargetDependency */,
			);
			name = TransicaoTela_ExercicioUITests;
			productName = TransicaoTela_ExercicioUITests;
			productReference = E548CF57251D23A400530180 /* TransicaoTela_ExercicioUITests.xctest */;
			productType = "com.apple.product-type.bundle.ui-testing";
		};
/* End PBXNativeTarget section */

/* Begin PBXProject section */
		E548CF2E251D23A000530180 /* Project object */ = {
			isa = PBXProject;
			attributes = {
				LastSwiftUpdateCheck = 1200;
				LastUpgradeCheck = 1200;
				TargetAttributes = {
					E548CF35251D23A000530180 = {
						CreatedOnToolsVersion = 12.0;
					};
					E548CF4B251D23A400530180 = {
						CreatedOnToolsVersion = 12.0;
						TestTargetID = E548CF35251D23A000530180;
					};
					E548CF56251D23A400530180 = {
						CreatedOnToolsVersion = 12.0;
						TestTargetID = E548CF35251D23A000530180;
					};
				};
			};
			buildConfigurationList = E548CF31251D23A000530180 /* Build configuration list for PBXProject "TransicaoTela_Exercicio" */;
			compatibilityVersion = "Xcode 9.3";
			developmentRegion = en;
			hasScannedForEncodings = 0;
			knownRegions = (
				en,
				Base,
			);
			mainGroup = E548CF2D251D23A000530180;
			productRefGroup = E548CF37251D23A000530180 /* Products */;
			projectDirPath = "";
			projectRoot = "";
			targets = (
				E548CF35251D23A000530180 /* TransicaoTela_Exercicio */,
				E548CF4B251D23A400530180 /* TransicaoTela_ExercicioTests */,
				E548CF56251D23A400530180 /* TransicaoTela_ExercicioUITests */,
			);
		};
/* End PBXProject section */

/* Begin PBXResourcesBuildPhase section */
		E548CF34251D23A000530180 /* Resources */ = {
			isa = PBXResourcesBuildPhase;
			buildActionMask = 2147483647;
			files = (
				E548CF46251D23A300530180 /* LaunchScreen.storyboard in Resources */,
				E548CF43251D23A300530180 /* Assets.xcassets in Resources */,
				E548CF41251D23A000530180 /* Main.storyboard in Resources */,
			);
			runOnlyForDeploymentPostprocessing = 0;
		};
		E548CF4A251D23A400530180 /* Resources */ = {
			isa = PBXResourcesBuildPhase;
			buildActionMask = 2147483647;
			files = (
			);
			runOnlyForDeploymentPostprocessing = 0;
		};
		E548CF55251D23A400530180 /* Resources */ = {
			isa = PBXResourcesBuildPhase;
			buildActionMask = 2147483647;
			files = (
			);
			runOnlyForDeploymentPostprocessing = 0;
		};
/* End PBXResourcesBuildPhase section */

/* Begin PBXSourcesBuildPhase section */
		E548CF32251D23A000530180 /* Sources */ = {
			isa = PBXSourcesBuildPhase;
			buildActionMask = 2147483647;
			files = (
				E548CF3E251D23A000530180 /* FirstVC.swift in Sources */,
				E548CF3A251D23A000530180 /* AppDelegate.swift in Sources */,
				E548CF6D251D240E00530180 /* SecondVC.swift in Sources */,
				E548CF3C251D23A000530180 /* SceneDelegate.swift in Sources */,
				E548CF79251D249E00530180 /* ThirdVC.swift in Sources */,
			);
			runOnlyForDeploymentPostprocessing = 0;
		};
		E548CF48251D23A400530180 /* Sources */ = {
			isa = PBXSourcesBuildPhase;
			buildActionMask = 2147483647;
			files = (
				E548CF51251D23A400530180 /* TransicaoTela_ExercicioTests.swift in Sources */,
			);
			runOnlyForDeploymentPostprocessing = 0;
		};
		E548CF53251D23A400530180 /* Sources */ = {
			isa = PBXSourcesBuildPhase;
			buildActionMask = 2147483647;
			files = (
				E548CF5C251D23A400530180 /* TransicaoTela_ExercicioUITests.swift in Sources */,
			);
			runOnlyForDeploymentPostprocessing = 0;
		};
/* End PBXSourcesBuildPhase section */

/* Begin PBXTargetDependency section */
		E548CF4E251D23A400530180 /* PBXTargetDependency */ = {
			isa = PBXTargetDependency;
			target = E548CF35251D23A000530180 /* TransicaoTela_Exercicio */;
			targetProxy = E548CF4D251D23A400530180 /* PBXContainerItemProxy */;
		};
		E548CF59251D23A400530180 /* PBXTargetDependency */ = {
			isa = PBXTargetDependency;
			target = E548CF35251D23A000530180 /* TransicaoTela_Exercicio */;
			targetProxy = E548CF58251D23A400530180 /* PBXContainerItemProxy */;
		};
/* End PBXTargetDependency section */

/* Begin PBXVariantGroup section */
		E548CF3F251D23A000530180 /* Main.storyboard */ = {
			isa = PBXVariantGroup;
			children = (
				E548CF40251D23A000530180 /* Base */,
			);
			name = Main.storyboard;
			sourceTree = "<group>";
		};
		E548CF44251D23A300530180 /* LaunchScreen.storyboard */ = {
			isa = PBXVariantGroup;
			children = (
				E548CF45251D23A300530180 /* Base */,
			);
			name = LaunchScreen.storyboard;
			sourceTree = "<group>";
		};
/* End PBXVariantGroup section */

/* Begin XCBuildConfiguration section */
		E548CF5E251D23A400530180 /* Debug */ = {
			isa = XCBuildConfiguration;
			buildSettings = {
				ALWAYS_SEARCH_USER_PATHS = NO;
				CLANG_ANALYZER_NONNULL = YES;
				CLANG_ANALYZER_NUMBER_OBJECT_CONVERSION = YES_AGGRESSIVE;
				CLANG_CXX_LANGUAGE_STANDARD = "gnu++14";
				CLANG_CXX_LIBRARY = "libc++";
				CLANG_ENABLE_MODULES = YES;
				CLANG_ENABLE_OBJC_ARC = YES;
				CLANG_ENABLE_OBJC_WEAK = YES;
				CLANG_WARN_BLOCK_CAPTURE_AUTORELEASING = YES;
				CLANG_WARN_BOOL_CONVERSION = YES;
				CLANG_WARN_COMMA = YES;
				CLANG_WARN_CONSTANT_CONVERSION = YES;
				CLANG_WARN_DEPRECATED_OBJC_IMPLEMENTATIONS = YES;
				CLANG_WARN_DIRECT_OBJC_ISA_USAGE = YES_ERROR;
				CLANG_WARN_DOCUMENTATION_COMMENTS = YES;
				CLANG_WARN_EMPTY_BODY = YES;
				CLANG_WARN_ENUM_CONVERSION = YES;
				CLANG_WARN_INFINITE_RECURSION = YES;
				CLANG_WARN_INT_CONVERSION = YES;
				CLANG_WARN_NON_LITERAL_NULL_CONVERSION = YES;
				CLANG_WARN_OBJC_IMPLICIT_RETAIN_SELF = YES;
				CLANG_WARN_OBJC_LITERAL_CONVERSION = YES;
				CLANG_WARN_OBJC_ROOT_CLASS = YES_ERROR;
				CLANG_WARN_QUOTED_INCLUDE_IN_FRAMEWORK_HEADER = YES;
				CLANG_WARN_RANGE_LOOP_ANALYSIS = YES;
				CLANG_WARN_STRICT_PROTOTYPES = YES;
				CLANG_WARN_SUSPICIOUS_MOVE = YES;
				CLANG_WARN_UNGUARDED_AVAILABILITY = YES_AGGRESSIVE;
				CLANG_WARN_UNREACHABLE_CODE = YES;
				CLANG_WARN__DUPLICATE_METHOD_MATCH = YES;
				COPY_PHASE_STRIP = NO;
				DEBUG_INFORMATION_FORMAT = dwarf;
				ENABLE_STRICT_OBJC_MSGSEND = YES;
				ENABLE_TESTABILITY = YES;
				GCC_C_LANGUAGE_STANDARD = gnu11;
				GCC_DYNAMIC_NO_PIC = NO;
				GCC_NO_COMMON_BLOCKS = YES;
				GCC_OPTIMIZATION_LEVEL = 0;
				GCC_PREPROCESSOR_DEFINITIONS = (
					"DEBUG=1",
					"$(inherited)",
				);
				GCC_WARN_64_TO_32_BIT_CONVERSION = YES;
				GCC_WARN_ABOUT_RETURN_TYPE = YES_ERROR;
				GCC_WARN_UNDECLARED_SELECTOR = YES;
				GCC_WARN_UNINITIALIZED_AUTOS = YES_AGGRESSIVE;
				GCC_WARN_UNUSED_FUNCTION = YES;
				GCC_WARN_UNUSED_VARIABLE = YES;
				IPHONEOS_DEPLOYMENT_TARGET = 14.0;
				MTL_ENABLE_DEBUG_INFO = INCLUDE_SOURCE;
				MTL_FAST_MATH = YES;
				ONLY_ACTIVE_ARCH = YES;
				SDKROOT = iphoneos;
				SWIFT_ACTIVE_COMPILATION_CONDITIONS = DEBUG;
				SWIFT_OPTIMIZATION_LEVEL = "-Onone";
			};
			name = Debug;
		};
		E548CF5F251D23A400530180 /* Release */ = {
			isa = XCBuildConfiguration;
			buildSettings = {
				ALWAYS_SEARCH_USER_PATHS = NO;
				CLANG_ANALYZER_NONNULL = YES;
				CLANG_ANALYZER_NUMBER_OBJECT_CONVERSION = YES_AGGRESSIVE;
				CLANG_CXX_LANGUAGE_STANDARD = "gnu++14";
				CLANG_CXX_LIBRARY = "libc++";
				CLANG_ENABLE_MODULES = YES;
				CLANG_ENABLE_OBJC_ARC = YES;
				CLANG_ENABLE_OBJC_WEAK = YES;
				CLANG_WARN_BLOCK_CAPTURE_AUTORELEASING = YES;
				CLANG_WARN_BOOL_CONVERSION = YES;
				CLANG_WARN_COMMA = YES;
				CLANG_WARN_CONSTANT_CONVERSION = YES;
				CLANG_WARN_DEPRECATED_OBJC_IMPLEMENTATIONS = YES;
				CLANG_WARN_DIRECT_OBJC_ISA_USAGE = YES_ERROR;
				CLANG_WARN_DOCUMENTATION_COMMENTS = YES;
				CLANG_WARN_EMPTY_BODY = YES;
				CLANG_WARN_ENUM_CONVERSION = YES;
				CLANG_WARN_INFINITE_RECURSION = YES;
				CLANG_WARN_INT_CONVERSION = YES;
				CLANG_WARN_NON_LITERAL_NULL_CONVERSION = YES;
				CLANG_WARN_OBJC_IMPLICIT_RETAIN_SELF = YES;
				CLANG_WARN_OBJC_LITERAL_CONVERSION = YES;
				CLANG_WARN_OBJC_ROOT_CLASS = YES_ERROR;
				CLANG_WARN_QUOTED_INCLUDE_IN_FRAMEWORK_HEADER = YES;
				CLANG_WARN_RANGE_LOOP_ANALYSIS = YES;
				CLANG_WARN_STRICT_PROTOTYPES = YES;
				CLANG_WARN_SUSPICIOUS_MOVE = YES;
				CLANG_WARN_UNGUARDED_AVAILABILITY = YES_AGGRESSIVE;
				CLANG_WARN_UNREACHABLE_CODE = YES;
				CLANG_WARN__DUPLICATE_METHOD_MATCH = YES;
				COPY_PHASE_STRIP = NO;
				DEBUG_INFORMATION_FORMAT = "dwarf-with-dsym";
				ENABLE_NS_ASSERTIONS = NO;
				ENABLE_STRICT_OBJC_MSGSEND = YES;
				GCC_C_LANGUAGE_STANDARD = gnu11;
				GCC_NO_COMMON_BLOCKS = YES;
				GCC_WARN_64_TO_32_BIT_CONVERSION = YES;
				GCC_WARN_ABOUT_RETURN_TYPE = YES_ERROR;
				GCC_WARN_UNDECLARED_SELECTOR = YES;
				GCC_WARN_UNINITIALIZED_AUTOS = YES_AGGRESSIVE;
				GCC_WARN_UNUSED_FUNCTION = YES;
				GCC_WARN_UNUSED_VARIABLE = YES;
				IPHONEOS_DEPLOYMENT_TARGET = 14.0;
				MTL_ENABLE_DEBUG_INFO = NO;
				MTL_FAST_MATH = YES;
				SDKROOT = iphoneos;
				SWIFT_COMPILATION_MODE = wholemodule;
				SWIFT_OPTIMIZATION_LEVEL = "-O";
				VALIDATE_PRODUCT = YES;
			};
			name = Release;
		};
		E548CF61251D23A400530180 /* Debug */ = {
			isa = XCBuildConfiguration;
			buildSettings = {
				ASSETCATALOG_COMPILER_APPICON_NAME = AppIcon;
				ASSETCATALOG_COMPILER_GLOBAL_ACCENT_COLOR_NAME = AccentColor;
				CODE_SIGN_STYLE = Automatic;
				INFOPLIST_FILE = TransicaoTela_Exercicio/Info.plist;
				LD_RUNPATH_SEARCH_PATHS = (
					"$(inherited)",
					"@executable_path/Frameworks",
				);
				PRODUCT_BUNDLE_IDENTIFIER = "Karen-Makihara.TransicaoTela-Exercicio";
				PRODUCT_NAME = "$(TARGET_NAME)";
				SWIFT_VERSION = 5.0;
				TARGETED_DEVICE_FAMILY = "1,2";
			};
			name = Debug;
		};
		E548CF62251D23A400530180 /* Release */ = {
			isa = XCBuildConfiguration;
			buildSettings = {
				ASSETCATALOG_COMPILER_APPICON_NAME = AppIcon;
				ASSETCATALOG_COMPILER_GLOBAL_ACCENT_COLOR_NAME = AccentColor;
				CODE_SIGN_STYLE = Automatic;
				INFOPLIST_FILE = TransicaoTela_Exercicio/Info.plist;
				LD_RUNPATH_SEARCH_PATHS = (
					"$(inherited)",
					"@executable_path/Frameworks",
				);
				PRODUCT_BUNDLE_IDENTIFIER = "Karen-Makihara.TransicaoTela-Exercicio";
				PRODUCT_NAME = "$(TARGET_NAME)";
				SWIFT_VERSION = 5.0;
				TARGETED_DEVICE_FAMILY = "1,2";
			};
			name = Release;
		};
		E548CF64251D23A400530180 /* Debug */ = {
			isa = XCBuildConfiguration;
			buildSettings = {
				ALWAYS_EMBED_SWIFT_STANDARD_LIBRARIES = YES;
				BUNDLE_LOADER = "$(TEST_HOST)";
				CODE_SIGN_STYLE = Automatic;
				INFOPLIST_FILE = TransicaoTela_ExercicioTests/Info.plist;
				IPHONEOS_DEPLOYMENT_TARGET = 14.0;
				LD_RUNPATH_SEARCH_PATHS = (
					"$(inherited)",
					"@executable_path/Frameworks",
					"@loader_path/Frameworks",
				);
				PRODUCT_BUNDLE_IDENTIFIER = "Karen-Makihara.TransicaoTela-ExercicioTests";
				PRODUCT_NAME = "$(TARGET_NAME)";
				SWIFT_VERSION = 5.0;
				TARGETED_DEVICE_FAMILY = "1,2";
				TEST_HOST = "$(BUILT_PRODUCTS_DIR)/TransicaoTela_Exercicio.app/TransicaoTela_Exercicio";
			};
			name = Debug;
		};
		E548CF65251D23A400530180 /* Release */ = {
			isa = XCBuildConfiguration;
			buildSettings = {
				ALWAYS_EMBED_SWIFT_STANDARD_LIBRARIES = YES;
				BUNDLE_LOADER = "$(TEST_HOST)";
				CODE_SIGN_STYLE = Automatic;
				INFOPLIST_FILE = TransicaoTela_ExercicioTests/Info.plist;
				IPHONEOS_DEPLOYMENT_TARGET = 14.0;
				LD_RUNPATH_SEARCH_PATHS = (
					"$(inherited)",
					"@executable_path/Frameworks",
					"@loader_path/Frameworks",
				);
				PRODUCT_BUNDLE_IDENTIFIER = "Karen-Makihara.TransicaoTela-ExercicioTests";
				PRODUCT_NAME = "$(TARGET_NAME)";
				SWIFT_VERSION = 5.0;
				TARGETED_DEVICE_FAMILY = "1,2";
				TEST_HOST = "$(BUILT_PRODUCTS_DIR)/TransicaoTela_Exercicio.app/TransicaoTela_Exercicio";
			};
			name = Release;
		};
		E548CF67251D23A400530180 /* Debug */ = {
			isa = XCBuildConfiguration;
			buildSettings = {
				ALWAYS_EMBED_SWIFT_STANDARD_LIBRARIES = YES;
				CODE_SIGN_STYLE = Automatic;
				INFOPLIST_FILE = TransicaoTela_ExercicioUITests/Info.plist;
				LD_RUNPATH_SEARCH_PATHS = (
					"$(inherited)",
					"@executable_path/Frameworks",
					"@loader_path/Frameworks",
				);
				PRODUCT_BUNDLE_IDENTIFIER = "Karen-Makihara.TransicaoTela-ExercicioUITests";
				PRODUCT_NAME = "$(TARGET_NAME)";
				SWIFT_VERSION = 5.0;
				TARGETED_DEVICE_FAMILY = "1,2";
				TEST_TARGET_NAME = TransicaoTela_Exercicio;
			};
			name = Debug;
		};
		E548CF68251D23A400530180 /* Release */ = {
			isa = XCBuildConfiguration;
			buildSettings = {
				ALWAYS_EMBED_SWIFT_STANDARD_LIBRARIES = YES;
				CODE_SIGN_STYLE = Automatic;
				INFOPLIST_FILE = TransicaoTela_ExercicioUITests/Info.plist;
				LD_RUNPATH_SEARCH_PATHS = (
					"$(inherited)",
					"@executable_path/Frameworks",
					"@loader_path/Frameworks",
				);
				PRODUCT_BUNDLE_IDENTIFIER = "Karen-Makihara.TransicaoTela-ExercicioUITests";
				PRODUCT_NAME = "$(TARGET_NAME)";
				SWIFT_VERSION = 5.0;
				TARGETED_DEVICE_FAMILY = "1,2";
				TEST_TARGET_NAME = TransicaoTela_Exercicio;
			};
			name = Release;
		};
/* End XCBuildConfiguration section */

/* Begin XCConfigurationList section */
		E548CF31251D23A000530180 /* Build configuration list for PBXProject "TransicaoTela_Exercicio" */ = {
			isa = XCConfigurationList;
			buildConfigurations = (
				E548CF5E251D23A400530180 /* Debug */,
				E548CF5F251D23A400530180 /* Release */,
			);
			defaultConfigurationIsVisible = 0;
			defaultConfigurationName = Release;
		};
		E548CF60251D23A400530180 /* Build configuration list for PBXNativeTarget "TransicaoTela_Exercicio" */ = {
			isa = XCConfigurationList;
			buildConfigurations = (
				E548CF61251D23A400530180 /* Debug */,
				E548CF62251D23A400530180 /* Release */,
			);
			defaultConfigurationIsVisible = 0;
			defaultConfigurationName = Release;
		};
		E548CF63251D23A400530180 /* Build configuration list for PBXNativeTarget "TransicaoTela_ExercicioTests" */ = {
			isa = XCConfigurationList;
			buildConfigurations = (
				E548CF64251D23A400530180 /* Debug */,
				E548CF65251D23A400530180 /* Release */,
			);
			defaultConfigurationIsVisible = 0;
			defaultConfigurationName = Release;
		};
		E548CF66251D23A400530180 /* Build configuration list for PBXNativeTarget "TransicaoTela_ExercicioUITests" */ = {
			isa = XCConfigurationList;
			buildConfigurations = (
				E548CF67251D23A400530180 /* Debug */,
				E548CF68251D23A400530180 /* Release */,
			);
			defaultConfigurationIsVisible = 0;
			defaultConfigurationName = Release;
		};
/* End XCConfigurationList section */
	};
	rootObject = E548CF2E251D23A000530180 /* Project object */;
}
